// !$*UTF8*$!
{
	archiveVersion = 1;
	classes = {
	};
	objectVersion = 46;
	objects = {

/* Begin PBXBuildFile section */
		B90DC6C81BF9F23D00C1A5B2 /* uXenPlatformDevice.cpp in Sources */ = {isa = PBXBuildFile; fileRef = B90DC6C61BF9F23D00C1A5B2 /* uXenPlatformDevice.cpp */; };
		B90DC6C91BF9F23D00C1A5B2 /* uXenPlatformDevice.h in Headers */ = {isa = PBXBuildFile; fileRef = B90DC6C71BF9F23D00C1A5B2 /* uXenPlatformDevice.h */; };
		B91712A91A261E130089C954 /* uxenplatform_public.h in Headers */ = {isa = PBXBuildFile; fileRef = B91712A81A261E130089C954 /* uxenplatform_public.h */; };
		B939D9FD16E604F90017E868 /* InfoPlist.strings in Resources */ = {isa = PBXBuildFile; fileRef = B939D9FB16E604F90017E868 /* InfoPlist.strings */; };
		B962869F1A26314D00FE8457 /* balloon.cpp in Sources */ = {isa = PBXBuildFile; fileRef = B962869E1A26314D00FE8457 /* balloon.cpp */; };
		B96286A11A26315C00FE8457 /* balloon.h in Headers */ = {isa = PBXBuildFile; fileRef = B96286A01A26315C00FE8457 /* balloon.h */; };
		B98877461A1E626E002933FE /* uXenPlatformClient.cpp in Sources */ = {isa = PBXBuildFile; fileRef = B98877451A1E626E002933FE /* uXenPlatformClient.cpp */; };
		B98877481A1E6287002933FE /* uXenPlatformClient.h in Headers */ = {isa = PBXBuildFile; fileRef = B98877471A1E6287002933FE /* uXenPlatformClient.h */; };
		B9B9BEBB1A1E4B24005CF73D /* uXenPlatform.cpp in Sources */ = {isa = PBXBuildFile; fileRef = B9B9BEBA1A1E4B24005CF73D /* uXenPlatform.cpp */; };
		B9B9BEBD1A1E4B2E005CF73D /* uXenPlatform.h in Headers */ = {isa = PBXBuildFile; fileRef = B9B9BEBC1A1E4B2E005CF73D /* uXenPlatform.h */; };
/* End PBXBuildFile section */

/* Begin PBXFileReference section */
		2980DAE41C5C1ED30023DE62 /* uxenplatform_local.h */ = {isa = PBXFileReference; lastKnownFileType = sourcecode.c.h; path = uxenplatform_local.h; sourceTree = "<group>"; };
		52B2536A1BCD795800E9681F /* uxenplatform.exp */ = {isa = PBXFileReference; lastKnownFileType = sourcecode.exports; path = uxenplatform.exp; sourceTree = "<group>"; };
		B90DC6C61BF9F23D00C1A5B2 /* uXenPlatformDevice.cpp */ = {isa = PBXFileReference; fileEncoding = 4; indentWidth = 4; lastKnownFileType = sourcecode.cpp.cpp; path = uXenPlatformDevice.cpp; sourceTree = "<group>"; tabWidth = 4; usesTabs = 0; };
		B90DC6C71BF9F23D00C1A5B2 /* uXenPlatformDevice.h */ = {isa = PBXFileReference; fileEncoding = 4; indentWidth = 4; lastKnownFileType = sourcecode.c.h; path = uXenPlatformDevice.h; sourceTree = "<group>"; tabWidth = 4; usesTabs = 0; };
		B91712A81A261E130089C954 /* uxenplatform_public.h */ = {isa = PBXFileReference; fileEncoding = 4; lastKnownFileType = sourcecode.c.h; path = uxenplatform_public.h; sourceTree = "<group>"; };
		B939D9F316E604F90017E868 /* uxenplatform.kext */ = {isa = PBXFileReference; explicitFileType = wrapper.cfbundle; includeInIndex = 0; path = uxenplatform.kext; sourceTree = BUILT_PRODUCTS_DIR; };
		B939D9F716E604F90017E868 /* Kernel.framework */ = {isa = PBXFileReference; lastKnownFileType = wrapper.framework; name = Kernel.framework; path = System/Library/Frameworks/Kernel.framework; sourceTree = SDKROOT; };
		B939D9FA16E604F90017E868 /* uxenplatform-Info.plist */ = {isa = PBXFileReference; lastKnownFileType = text.plist.xml; path = "uxenplatform-Info.plist"; sourceTree = "<group>"; };
		B939D9FC16E604F90017E868 /* en */ = {isa = PBXFileReference; lastKnownFileType = text.plist.strings; name = en; path = en.lproj/InfoPlist.strings; sourceTree = "<group>"; };
		B939DA0116E604F90017E868 /* uxenplatform-Prefix.pch */ = {isa = PBXFileReference; lastKnownFileType = sourcecode.c.h; path = "uxenplatform-Prefix.pch"; sourceTree = "<group>"; };
		B962869E1A26314D00FE8457 /* balloon.cpp */ = {isa = PBXFileReference; fileEncoding = 4; lastKnownFileType = sourcecode.cpp.cpp; path = balloon.cpp; sourceTree = "<group>"; };
		B96286A01A26315C00FE8457 /* balloon.h */ = {isa = PBXFileReference; fileEncoding = 4; lastKnownFileType = sourcecode.c.h; path = balloon.h; sourceTree = "<group>"; };
		B98877451A1E626E002933FE /* uXenPlatformClient.cpp */ = {isa = PBXFileReference; fileEncoding = 4; lastKnownFileType = sourcecode.cpp.cpp; path = uXenPlatformClient.cpp; sourceTree = "<group>"; };
		B98877471A1E6287002933FE /* uXenPlatformClient.h */ = {isa = PBXFileReference; fileEncoding = 4; lastKnownFileType = sourcecode.c.h; path = uXenPlatformClient.h; sourceTree = "<group>"; };
		B9B9BEBA1A1E4B24005CF73D /* uXenPlatform.cpp */ = {isa = PBXFileReference; fileEncoding = 4; indentWidth = 4; lastKnownFileType = sourcecode.cpp.cpp; path = uXenPlatform.cpp; sourceTree = "<group>"; tabWidth = 4; usesTabs = 0; };
		B9B9BEBC1A1E4B2E005CF73D /* uXenPlatform.h */ = {isa = PBXFileReference; fileEncoding = 4; lastKnownFileType = sourcecode.c.h; path = uXenPlatform.h; sourceTree = "<group>"; };
/* End PBXFileReference section */

/* Begin PBXFrameworksBuildPhase section */
		B939D9EE16E604F90017E868 /* Frameworks */ = {
			isa = PBXFrameworksBuildPhase;
			buildActionMask = 2147483647;
			files = (
			);
			runOnlyForDeploymentPostprocessing = 0;
		};
/* End PBXFrameworksBuildPhase section */

/* Begin PBXGroup section */
		B939D9E616E604F80017E868 = {
			isa = PBXGroup;
			children = (
				B9E69A7E16E68CAD008CC99A /* Supporting Files */,
				B939D9F516E604F90017E868 /* Frameworks */,
				B939D9F416E604F90017E868 /* Products */,
			);
			sourceTree = "<group>";
		};
		B939D9F416E604F90017E868 /* Products */ = {
			isa = PBXGroup;
			children = (
				B939D9F316E604F90017E868 /* uxenplatform.kext */,
			);
			name = Products;
			sourceTree = "<group>";
		};
		B939D9F516E604F90017E868 /* Frameworks */ = {
			isa = PBXGroup;
			children = (
				B939D9F616E604F90017E868 /* Other Frameworks */,
			);
			name = Frameworks;
			sourceTree = "<group>";
		};
		B939D9F616E604F90017E868 /* Other Frameworks */ = {
			isa = PBXGroup;
			children = (
				B939D9F716E604F90017E868 /* Kernel.framework */,
			);
			name = "Other Frameworks";
			sourceTree = "<group>";
		};
		B9E69A7E16E68CAD008CC99A /* Supporting Files */ = {
			isa = PBXGroup;
			children = (
				B96286A01A26315C00FE8457 /* balloon.h */,
				B962869E1A26314D00FE8457 /* balloon.cpp */,
				B91712A81A261E130089C954 /* uxenplatform_public.h */,
				2980DAE41C5C1ED30023DE62 /* uxenplatform_local.h */,
				B98877471A1E6287002933FE /* uXenPlatformClient.h */,
				B98877451A1E626E002933FE /* uXenPlatformClient.cpp */,
				B9B9BEBC1A1E4B2E005CF73D /* uXenPlatform.h */,
				B9B9BEBA1A1E4B24005CF73D /* uXenPlatform.cpp */,
				B939D9FA16E604F90017E868 /* uxenplatform-Info.plist */,
				B939D9FB16E604F90017E868 /* InfoPlist.strings */,
				B939DA0116E604F90017E868 /* uxenplatform-Prefix.pch */,
				B90DC6C61BF9F23D00C1A5B2 /* uXenPlatformDevice.cpp */,
				B90DC6C71BF9F23D00C1A5B2 /* uXenPlatformDevice.h */,
				52B2536A1BCD795800E9681F /* uxenplatform.exp */,
			);
			name = "Supporting Files";
			sourceTree = "<group>";
		};
/* End PBXGroup section */

/* Begin PBXHeadersBuildPhase section */
		B939D9EF16E604F90017E868 /* Headers */ = {
			isa = PBXHeadersBuildPhase;
			buildActionMask = 2147483647;
			files = (
				B98877481A1E6287002933FE /* uXenPlatformClient.h in Headers */,
				B90DC6C91BF9F23D00C1A5B2 /* uXenPlatformDevice.h in Headers */,
				B96286A11A26315C00FE8457 /* balloon.h in Headers */,
				B9B9BEBD1A1E4B2E005CF73D /* uXenPlatform.h in Headers */,
				B91712A91A261E130089C954 /* uxenplatform_public.h in Headers */,
			);
			runOnlyForDeploymentPostprocessing = 0;
		};
/* End PBXHeadersBuildPhase section */

/* Begin PBXNativeTarget section */
		B939D9F216E604F90017E868 /* uxenplatform */ = {
			isa = PBXNativeTarget;
			buildConfigurationList = B939DA0416E604F90017E868 /* Build configuration list for PBXNativeTarget "uxenplatform" */;
			buildPhases = (
				B939D9ED16E604F90017E868 /* Sources */,
				B939D9EE16E604F90017E868 /* Frameworks */,
				B939D9EF16E604F90017E868 /* Headers */,
				B939D9F016E604F90017E868 /* Resources */,
				B939D9F116E604F90017E868 /* Rez */,
			);
			buildRules = (
			);
			dependencies = (
			);
			name = uxenplatform;
			productName = uxenplatform;
			productReference = B939D9F316E604F90017E868 /* uxenplatform.kext */;
			productType = "com.apple.product-type.kernel-extension";
		};
/* End PBXNativeTarget section */

/* Begin PBXProject section */
		B939D9E816E604F80017E868 /* Project object */ = {
			isa = PBXProject;
			attributes = {
				LastUpgradeCheck = 0610;
				ORGANIZATIONNAME = "Julian Pidancet";
			};
			buildConfigurationList = B939D9EB16E604F90017E868 /* Build configuration list for PBXProject "uxenplatform" */;
			compatibilityVersion = "Xcode 3.2";
			developmentRegion = English;
			hasScannedForEncodings = 0;
			knownRegions = (
				en,
			);
			mainGroup = B939D9E616E604F80017E868;
			productRefGroup = B939D9F416E604F90017E868 /* Products */;
			projectDirPath = "";
			projectRoot = "";
			targets = (
				B939D9F216E604F90017E868 /* uxenplatform */,
			);
		};
/* End PBXProject section */

/* Begin PBXResourcesBuildPhase section */
		B939D9F016E604F90017E868 /* Resources */ = {
			isa = PBXResourcesBuildPhase;
			buildActionMask = 2147483647;
			files = (
				B939D9FD16E604F90017E868 /* InfoPlist.strings in Resources */,
			);
			runOnlyForDeploymentPostprocessing = 0;
		};
/* End PBXResourcesBuildPhase section */

/* Begin PBXRezBuildPhase section */
		B939D9F116E604F90017E868 /* Rez */ = {
			isa = PBXRezBuildPhase;
			buildActionMask = 2147483647;
			files = (
			);
			runOnlyForDeploymentPostprocessing = 0;
		};
/* End PBXRezBuildPhase section */

/* Begin PBXSourcesBuildPhase section */
		B939D9ED16E604F90017E868 /* Sources */ = {
			isa = PBXSourcesBuildPhase;
			buildActionMask = 2147483647;
			files = (
				B962869F1A26314D00FE8457 /* balloon.cpp in Sources */,
				B9B9BEBB1A1E4B24005CF73D /* uXenPlatform.cpp in Sources */,
				B90DC6C81BF9F23D00C1A5B2 /* uXenPlatformDevice.cpp in Sources */,
				B98877461A1E626E002933FE /* uXenPlatformClient.cpp in Sources */,
			);
			runOnlyForDeploymentPostprocessing = 0;
		};
/* End PBXSourcesBuildPhase section */

/* Begin PBXVariantGroup section */
		B939D9FB16E604F90017E868 /* InfoPlist.strings */ = {
			isa = PBXVariantGroup;
			children = (
				B939D9FC16E604F90017E868 /* en */,
			);
			name = InfoPlist.strings;
			sourceTree = "<group>";
		};
/* End PBXVariantGroup section */

/* Begin XCBuildConfiguration section */
		B939DA0216E604F90017E868 /* Debug */ = {
			isa = XCBuildConfiguration;
			buildSettings = {
				ALWAYS_SEARCH_USER_PATHS = NO;
				CLANG_CXX_LANGUAGE_STANDARD = "gnu++0x";
				CLANG_CXX_LIBRARY = "libc++";
				CLANG_WARN_EMPTY_BODY = YES;
				CLANG_WARN__DUPLICATE_METHOD_MATCH = YES;
				COPY_PHASE_STRIP = NO;
				GCC_C_LANGUAGE_STANDARD = gnu99;
				GCC_DYNAMIC_NO_PIC = NO;
				GCC_ENABLE_OBJC_EXCEPTIONS = YES;
				GCC_OPTIMIZATION_LEVEL = 0;
				GCC_PREPROCESSOR_DEFINITIONS = (
					"DEBUG=1",
					"$(inherited)",
				);
				GCC_SYMBOLS_PRIVATE_EXTERN = NO;
				GCC_WARN_64_TO_32_BIT_CONVERSION = YES;
				GCC_WARN_ABOUT_RETURN_TYPE = YES;
				GCC_WARN_UNINITIALIZED_AUTOS = YES;
				GCC_WARN_UNUSED_VARIABLE = YES;
				HEADER_SEARCH_PATHS = (
					"$(inherited)",
					"../../../common/include/xen-public",
				);
				MACOSX_DEPLOYMENT_TARGET = 10.8;
				ONLY_ACTIVE_ARCH = YES;
				SDKROOT = macosx;
			};
			name = Debug;
		};
		B939DA0316E604F90017E868 /* Release */ = {
			isa = XCBuildConfiguration;
			buildSettings = {
				ALWAYS_SEARCH_USER_PATHS = NO;
				CLANG_CXX_LANGUAGE_STANDARD = "gnu++0x";
				CLANG_CXX_LIBRARY = "libc++";
				CLANG_WARN_EMPTY_BODY = YES;
				CLANG_WARN__DUPLICATE_METHOD_MATCH = YES;
				COPY_PHASE_STRIP = YES;
				DEBUG_INFORMATION_FORMAT = "dwarf-with-dsym";
				GCC_C_LANGUAGE_STANDARD = gnu99;
				GCC_ENABLE_OBJC_EXCEPTIONS = YES;
				GCC_WARN_64_TO_32_BIT_CONVERSION = YES;
				GCC_WARN_ABOUT_RETURN_TYPE = YES;
				GCC_WARN_UNINITIALIZED_AUTOS = YES;
				GCC_WARN_UNUSED_VARIABLE = YES;
				HEADER_SEARCH_PATHS = (
					"$(inherited)",
					"../../../common/include/xen-public",
				);
				MACOSX_DEPLOYMENT_TARGET = 10.8;
				SDKROOT = macosx;
			};
			name = Release;
		};
		B939DA0516E604F90017E868 /* Debug */ = {
			isa = XCBuildConfiguration;
			buildSettings = {
				COMBINE_HIDPI_IMAGES = YES;
				CURRENT_PROJECT_VERSION = 1.1.0;
				EXPORTED_SYMBOLS_FILE = uxenplatform.exp;
				GCC_PRECOMPILE_PREFIX_HEADER = YES;
				GCC_PREFIX_HEADER = "uxenplatform-Prefix.pch";
				GCC_VERSION = "";
				HEADER_SEARCH_PATHS = (
					"$(inherited)",
					"../../../common/include/xen-public",
					../,
				);
				INFOPLIST_FILE = "uxenplatform-Info.plist";
				MODULE_NAME = org.uxen.uxenplatform;
				MODULE_VERSION = 1.1.0;
				PRODUCT_NAME = uxenplatform;
				SDKROOT = macosx;
				WRAPPER_EXTENSION = kext;
			};
			name = Debug;
		};
		B939DA0616E604F90017E868 /* Release */ = {
			isa = XCBuildConfiguration;
			buildSettings = {
				COMBINE_HIDPI_IMAGES = YES;
				CURRENT_PROJECT_VERSION = 1.1.0;
				EXPORTED_SYMBOLS_FILE = uxenplatform.exp;
				GCC_PRECOMPILE_PREFIX_HEADER = YES;
				GCC_PREFIX_HEADER = "uxenplatform-Prefix.pch";
				GCC_VERSION = "";
				HEADER_SEARCH_PATHS = (
					"$(inherited)",
					"../../../common/include/xen-public",
					../,
				);
				INFOPLIST_FILE = "uxenplatform-Info.plist";
				MODULE_NAME = org.uxen.uxenplatform;
				MODULE_VERSION = 1.1.0;
				PRODUCT_NAME = uxenplatform;
				SDKROOT = macosx;
				WRAPPER_EXTENSION = kext;
			};
			name = Release;
		};
/* End XCBuildConfiguration section */

/* Begin XCConfigurationList section */
		B939D9EB16E604F90017E868 /* Build configuration list for PBXProject "uxenplatform" */ = {
			isa = XCConfigurationList;
			buildConfigurations = (
				B939DA0216E604F90017E868 /* Debug */,
				B939DA0316E604F90017E868 /* Release */,
			);
			defaultConfigurationIsVisible = 0;
			defaultConfigurationName = Release;
		};
		B939DA0416E604F90017E868 /* Build configuration list for PBXNativeTarget "uxenplatform" */ = {
			isa = XCConfigurationList;
			buildConfigurations = (
				B939DA0516E604F90017E868 /* Debug */,
				B939DA0616E604F90017E868 /* Release */,
			);
			defaultConfigurationIsVisible = 0;
			defaultConfigurationName = Release;
		};
/* End XCConfigurationList section */
	};
	rootObject = B939D9E816E604F80017E868 /* Project object */;
}
